
Microsoft Visual Studio Solution File, Format Version 12.00
# Visual Studio Version 17
VisualStudioVersion = 17.0.31903.59
MinimumVisualStudioVersion = 10.0.40219.1
Project("{FAE04EC0-301F-11D3-BF4B-00C04F79EFBC}") = "Ongenet.Core", "Ongenet.Core\Ongenet.Core.csproj", "{FACE4E95-846E-481D-82D6-62108E6AE47A}"
EndProject
Project("{FAE04EC0-301F-11D3-BF4B-00C04F79EFBC}") = "Ongenet.Core.Tests", "Ongenet.Core.Tests\Ongenet.Core.Tests.csproj", "{F72FF37B-D1D7-44EF-91C7-E49E20636A82}"
EndProject
Project("{FAE04EC0-301F-11D3-BF4B-00C04F79EFBC}") = "Ongenet.Lv2", "Ongenet.Lv2\Ongenet.Lv2.csproj", "{97113075-13F2-4ABC-AAEB-D32AECCCECBA}"
EndProject
Project("{FAE04EC0-301F-11D3-BF4B-00C04F79EFBC}") = "Ongenet.Audio", "Ongenet.Audio\Ongenet.Audio.csproj", "{94AF0EC2-4A95-433F-ABBD-F202CC4AB348}"
EndProject
Project("{FAE04EC0-301F-11D3-BF4B-00C04F79EFBC}") = "Ongenet.Clap", "Ongenet.Clap\Ongenet.Clap.csproj", "{6A35066C-1B47-4FFB-98E1-0BAD80FD30D1}"
EndProject
Project("{FAE04EC0-301F-11D3-BF4B-00C04F79EFBC}") = "Ongenet.App", "Ongenet.App\Ongenet.App.csproj", "{B91ECD3D-ACFD-4AB6-B187-66098247C90D}"
EndProject
Project("{FAE04EC0-301F-11D3-BF4B-00C04F79EFBC}") = "Ongenet.Desktop", "Ongenet.Desktop\Ongenet.Desktop.csproj", "{51F1C93A-3DB3-4F64-9198-F54E69BF8F5A}"
EndProject
Project("{FAE04EC0-301F-11D3-BF4B-00C04F79EFBC}") = "Ongenet.Web", "Ongenet.Web\Ongenet.Web.csproj", "{5C2BE84E-0D7C-4CA0-8CD2-D757226D674B}"
EndProject
Project("{FAE04EC0-301F-11D3-BF4B-00C04F79EFBC}") = "Ongenet.Vst", "Ongenet.Vst\Ongenet.Vst.csproj", "{1633C058-35CB-4CB3-83F1-2B4CFC450C25}"
EndProject
Project("{FAE04EC0-301F-11D3-BF4B-00C04F79EFBC}") = "Ongenet.Android", "Ongenet.Android\Ongenet.Android.csproj", "{0F74D02C-EC70-409C-B1B0-341573F1DA53}"
EndProject
Global
	GlobalSection(SolutionConfigurationPlatforms) = preSolution
		Debug|Any CPU = Debug|Any CPU
		Debug|x64 = Debug|x64
		Debug|x86 = Debug|x86
		Release|Any CPU = Release|Any CPU
		Release|x64 = Release|x64
		Release|x86 = Release|x86
	EndGlobalSection
	GlobalSection(ProjectConfigurationPlatforms) = postSolution
		{FACE4E95-846E-481D-82D6-62108E6AE47A}.Debug|Any CPU.ActiveCfg = Debug|Any CPU
		{FACE4E95-846E-481D-82D6-62108E6AE47A}.Debug|Any CPU.Build.0 = Debug|Any CPU
		{FACE4E95-846E-481D-82D6-62108E6AE47A}.Debug|x64.ActiveCfg = Debug|Any CPU
		{FACE4E95-846E-481D-82D6-62108E6AE47A}.Debug|x64.Build.0 = Debug|Any CPU
		{FACE4E95-846E-481D-82D6-62108E6AE47A}.Debug|x86.ActiveCfg = Debug|Any CPU
		{FACE4E95-846E-481D-82D6-62108E6AE47A}.Debug|x86.Build.0 = Debug|Any CPU
		{FACE4E95-846E-481D-82D6-62108E6AE47A}.Release|Any CPU.ActiveCfg = Release|Any CPU
		{FACE4E95-846E-481D-82D6-62108E6AE47A}.Release|Any CPU.Build.0 = Release|Any CPU
		{FACE4E95-846E-481D-82D6-62108E6AE47A}.Release|x64.ActiveCfg = Release|Any CPU
		{FACE4E95-846E-481D-82D6-62108E6AE47A}.Release|x64.Build.0 = Release|Any CPU
		{FACE4E95-846E-481D-82D6-62108E6AE47A}.Release|x86.ActiveCfg = Release|Any CPU
		{FACE4E95-846E-481D-82D6-62108E6AE47A}.Release|x86.Build.0 = Release|Any CPU
		{F72FF37B-D1D7-44EF-91C7-E49E20636A82}.Debug|Any CPU.ActiveCfg = Debug|Any CPU
		{F72FF37B-D1D7-44EF-91C7-E49E20636A82}.Debug|Any CPU.Build.0 = Debug|Any CPU
		{F72FF37B-D1D7-44EF-91C7-E49E20636A82}.Debug|x64.ActiveCfg = Debug|Any CPU
		{F72FF37B-D1D7-44EF-91C7-E49E20636A82}.Debug|x64.Build.0 = Debug|Any CPU
		{F72FF37B-D1D7-44EF-91C7-E49E20636A82}.Debug|x86.ActiveCfg = Debug|Any CPU
		{F72FF37B-D1D7-44EF-91C7-E49E20636A82}.Debug|x86.Build.0 = Debug|Any CPU
		{F72FF37B-D1D7-44EF-91C7-E49E20636A82}.Release|Any CPU.ActiveCfg = Release|Any CPU
		{F72FF37B-D1D7-44EF-91C7-E49E20636A82}.Release|Any CPU.Build.0 = Release|Any CPU
		{F72FF37B-D1D7-44EF-91C7-E49E20636A82}.Release|x64.ActiveCfg = Release|Any CPU
		{F72FF37B-D1D7-44EF-91C7-E49E20636A82}.Release|x64.Build.0 = Release|Any CPU
		{F72FF37B-D1D7-44EF-91C7-E49E20636A82}.Release|x86.ActiveCfg = Release|Any CPU
		{F72FF37B-D1D7-44EF-91C7-E49E20636A82}.Release|x86.Build.0 = Release|Any CPU
		{97113075-13F2-4ABC-AAEB-D32AECCCECBA}.Debug|Any CPU.ActiveCfg = Debug|Any CPU
		{97113075-13F2-4ABC-AAEB-D32AECCCECBA}.Debug|Any CPU.Build.0 = Debug|Any CPU
		{97113075-13F2-4ABC-AAEB-D32AECCCECBA}.Debug|x64.ActiveCfg = Debug|Any CPU
		{97113075-13F2-4ABC-AAEB-D32AECCCECBA}.Debug|x64.Build.0 = Debug|Any CPU
		{97113075-13F2-4ABC-AAEB-D32AECCCECBA}.Debug|x86.ActiveCfg = Debug|Any CPU
		{97113075-13F2-4ABC-AAEB-D32AECCCECBA}.Debug|x86.Build.0 = Debug|Any CPU
		{97113075-13F2-4ABC-AAEB-D32AECCCECBA}.Release|Any CPU.ActiveCfg = Release|Any CPU
		{97113075-13F2-4ABC-AAEB-D32AECCCECBA}.Release|Any CPU.Build.0 = Release|Any CPU
		{97113075-13F2-4ABC-AAEB-D32AECCCECBA}.Release|x64.ActiveCfg = Release|Any CPU
		{97113075-13F2-4ABC-AAEB-D32AECCCECBA}.Release|x64.Build.0 = Release|Any CPU
		{97113075-13F2-4ABC-AAEB-D32AECCCECBA}.Release|x86.ActiveCfg = Release|Any CPU
		{97113075-13F2-4ABC-AAEB-D32AECCCECBA}.Release|x86.Build.0 = Release|Any CPU
		{94AF0EC2-4A95-433F-ABBD-F202CC4AB348}.Debug|Any CPU.ActiveCfg = Debug|Any CPU
		{94AF0EC2-4A95-433F-ABBD-F202CC4AB348}.Debug|Any CPU.Build.0 = Debug|Any CPU
		{94AF0EC2-4A95-433F-ABBD-F202CC4AB348}.Debug|x64.ActiveCfg = Debug|Any CPU
		{94AF0EC2-4A95-433F-ABBD-F202CC4AB348}.Debug|x64.Build.0 = Debug|Any CPU
		{94AF0EC2-4A95-433F-ABBD-F202CC4AB348}.Debug|x86.ActiveCfg = Debug|Any CPU
		{94AF0EC2-4A95-433F-ABBD-F202CC4AB348}.Debug|x86.Build.0 = Debug|Any CPU
		{94AF0EC2-4A95-433F-ABBD-F202CC4AB348}.Release|Any CPU.ActiveCfg = Release|Any CPU
		{94AF0EC2-4A95-433F-ABBD-F202CC4AB348}.Release|Any CPU.Build.0 = Release|Any CPU
		{94AF0EC2-4A95-433F-ABBD-F202CC4AB348}.Release|x64.ActiveCfg = Release|Any CPU
		{94AF0EC2-4A95-433F-ABBD-F202CC4AB348}.Release|x64.Build.0 = Release|Any CPU
		{94AF0EC2-4A95-433F-ABBD-F202CC4AB348}.Release|x86.ActiveCfg = Release|Any CPU
		{94AF0EC2-4A95-433F-ABBD-F202CC4AB348}.Release|x86.Build.0 = Release|Any CPU
		{6A35066C-1B47-4FFB-98E1-0BAD80FD30D1}.Debug|Any CPU.ActiveCfg = Debug|Any CPU
		{6A35066C-1B47-4FFB-98E1-0BAD80FD30D1}.Debug|Any CPU.Build.0 = Debug|Any CPU
		{6A35066C-1B47-4FFB-98E1-0BAD80FD30D1}.Debug|x64.ActiveCfg = Debug|Any CPU
		{6A35066C-1B47-4FFB-98E1-0BAD80FD30D1}.Debug|x64.Build.0 = Debug|Any CPU
		{6A35066C-1B47-4FFB-98E1-0BAD80FD30D1}.Debug|x86.ActiveCfg = Debug|Any CPU
		{6A35066C-1B47-4FFB-98E1-0BAD80FD30D1}.Debug|x86.Build.0 = Debug|Any CPU
		{6A35066C-1B47-4FFB-98E1-0BAD80FD30D1}.Release|Any CPU.ActiveCfg = Release|Any CPU
		{6A35066C-1B47-4FFB-98E1-0BAD80FD30D1}.Release|Any CPU.Build.0 = Release|Any CPU
		{6A35066C-1B47-4FFB-98E1-0BAD80FD30D1}.Release|x64.ActiveCfg = Release|Any CPU
		{6A35066C-1B47-4FFB-98E1-0BAD80FD30D1}.Release|x64.Build.0 = Release|Any CPU
		{6A35066C-1B47-4FFB-98E1-0BAD80FD30D1}.Release|x86.ActiveCfg = Release|Any CPU
		{6A35066C-1B47-4FFB-98E1-0BAD80FD30D1}.Release|x86.Build.0 = Release|Any CPU
		{B91ECD3D-ACFD-4AB6-B187-66098247C90D}.Debug|Any CPU.ActiveCfg = Debug|Any CPU
		{B91ECD3D-ACFD-4AB6-B187-66098247C90D}.Debug|Any CPU.Build.0 = Debug|Any CPU
		{B91ECD3D-ACFD-4AB6-B187-66098247C90D}.Debug|x64.ActiveCfg = Debug|Any CPU
		{B91ECD3D-ACFD-4AB6-B187-66098247C90D}.Debug|x64.Build.0 = Debug|Any CPU
		{B91ECD3D-ACFD-4AB6-B187-66098247C90D}.Debug|x86.ActiveCfg = Debug|Any CPU
		{B91ECD3D-ACFD-4AB6-B187-66098247C90D}.Debug|x86.Build.0 = Debug|Any CPU
		{B91ECD3D-ACFD-4AB6-B187-66098247C90D}.Release|Any CPU.ActiveCfg = Release|Any CPU
		{B91ECD3D-ACFD-4AB6-B187-66098247C90D}.Release|Any CPU.Build.0 = Release|Any CPU
		{B91ECD3D-ACFD-4AB6-B187-66098247C90D}.Release|x64.ActiveCfg = Release|Any CPU
		{B91ECD3D-ACFD-4AB6-B187-66098247C90D}.Release|x64.Build.0 = Release|Any CPU
		{B91ECD3D-ACFD-4AB6-B187-66098247C90D}.Release|x86.ActiveCfg = Release|Any CPU
		{B91ECD3D-ACFD-4AB6-B187-66098247C90D}.Release|x86.Build.0 = Release|Any CPU
		{51F1C93A-3DB3-4F64-9198-F54E69BF8F5A}.Debug|Any CPU.ActiveCfg = Debug|Any CPU
		{51F1C93A-3DB3-4F64-9198-F54E69BF8F5A}.Debug|Any CPU.Build.0 = Debug|Any CPU
		{51F1C93A-3DB3-4F64-9198-F54E69BF8F5A}.Debug|x64.ActiveCfg = Debug|Any CPU
		{51F1C93A-3DB3-4F64-9198-F54E69BF8F5A}.Debug|x64.Build.0 = Debug|Any CPU
		{51F1C93A-3DB3-4F64-9198-F54E69BF8F5A}.Debug|x86.ActiveCfg = Debug|Any CPU
		{51F1C93A-3DB3-4F64-9198-F54E69BF8F5A}.Debug|x86.Build.0 = Debug|Any CPU
		{51F1C93A-3DB3-4F64-9198-F54E69BF8F5A}.Release|Any CPU.ActiveCfg = Release|Any CPU
		{51F1C93A-3DB3-4F64-9198-F54E69BF8F5A}.Release|Any CPU.Build.0 = Release|Any CPU
		{51F1C93A-3DB3-4F64-9198-F54E69BF8F5A}.Release|x64.ActiveCfg = Release|Any CPU
		{51F1C93A-3DB3-4F64-9198-F54E69BF8F5A}.Release|x64.Build.0 = Release|Any CPU
		{51F1C93A-3DB3-4F64-9198-F54E69BF8F5A}.Release|x86.ActiveCfg = Release|Any CPU
		{51F1C93A-3DB3-4F64-9198-F54E69BF8F5A}.Release|x86.Build.0 = Release|Any CPU
		{5C2BE84E-0D7C-4CA0-8CD2-D757226D674B}.Debug|Any CPU.ActiveCfg = Debug|Any CPU
		{5C2BE84E-0D7C-4CA0-8CD2-D757226D674B}.Debug|Any CPU.Build.0 = Debug|Any CPU
		{5C2BE84E-0D7C-4CA0-8CD2-D757226D674B}.Debug|x64.ActiveCfg = Debug|Any CPU
		{5C2BE84E-0D7C-4CA0-8CD2-D757226D674B}.Debug|x64.Build.0 = Debug|Any CPU
		{5C2BE84E-0D7C-4CA0-8CD2-D757226D674B}.Debug|x86.ActiveCfg = Debug|Any CPU
		{5C2BE84E-0D7C-4CA0-8CD2-D757226D674B}.Debug|x86.Build.0 = Debug|Any CPU
		{5C2BE84E-0D7C-4CA0-8CD2-D757226D674B}.Release|Any CPU.ActiveCfg = Release|Any CPU
		{5C2BE84E-0D7C-4CA0-8CD2-D757226D674B}.Release|Any CPU.Build.0 = Release|Any CPU
		{5C2BE84E-0D7C-4CA0-8CD2-D757226D674B}.Release|x64.ActiveCfg = Release|Any CPU
		{5C2BE84E-0D7C-4CA0-8CD2-D757226D674B}.Release|x64.Build.0 = Release|Any CPU
		{5C2BE84E-0D7C-4CA0-8CD2-D757226D674B}.Release|x86.ActiveCfg = Release|Any CPU
		{5C2BE84E-0D7C-4CA0-8CD2-D757226D674B}.Release|x86.Build.0 = Release|Any CPU
		{1633C058-35CB-4CB3-83F1-2B4CFC450C25}.Debug|Any CPU.ActiveCfg = Debug|Any CPU
		{1633C058-35CB-4CB3-83F1-2B4CFC450C25}.Debug|Any CPU.Build.0 = Debug|Any CPU
		{1633C058-35CB-4CB3-83F1-2B4CFC450C25}.Debug|x64.ActiveCfg = Debug|Any CPU
		{1633C058-35CB-4CB3-83F1-2B4CFC450C25}.Debug|x64.Build.0 = Debug|Any CPU
		{1633C058-35CB-4CB3-83F1-2B4CFC450C25}.Debug|x86.ActiveCfg = Debug|Any CPU
		{1633C058-35CB-4CB3-83F1-2B4CFC450C25}.Debug|x86.Build.0 = Debug|Any CPU
		{1633C058-35CB-4CB3-83F1-2B4CFC450C25}.Release|Any CPU.ActiveCfg = Release|Any CPU
		{1633C058-35CB-4CB3-83F1-2B4CFC450C25}.Release|Any CPU.Build.0 = Release|Any CPU
		{1633C058-35CB-4CB3-83F1-2B4CFC450C25}.Release|x64.ActiveCfg = Release|Any CPU
		{1633C058-35CB-4CB3-83F1-2B4CFC450C25}.Release|x64.Build.0 = Release|Any CPU
		{1633C058-35CB-4CB3-83F1-2B4CFC450C25}.Release|x86.ActiveCfg = Release|Any CPU
		{1633C058-35CB-4CB3-83F1-2B4CFC450C25}.Release|x86.Build.0 = Release|Any CPU
		{0F74D02C-EC70-409C-B1B0-341573F1DA53}.Debug|Any CPU.ActiveCfg = Debug|Any CPU
		{0F74D02C-EC70-409C-B1B0-341573F1DA53}.Debug|Any CPU.Build.0 = Debug|Any CPU
		{0F74D02C-EC70-409C-B1B0-341573F1DA53}.Debug|x64.ActiveCfg = Debug|Any CPU
		{0F74D02C-EC70-409C-B1B0-341573F1DA53}.Debug|x64.Build.0 = Debug|Any CPU
		{0F74D02C-EC70-409C-B1B0-341573F1DA53}.Debug|x86.ActiveCfg = Debug|Any CPU
		{0F74D02C-EC70-409C-B1B0-341573F1DA53}.Debug|x86.Build.0 = Debug|Any CPU
		{0F74D02C-EC70-409C-B1B0-341573F1DA53}.Release|Any CPU.ActiveCfg = Release|Any CPU
		{0F74D02C-EC70-409C-B1B0-341573F1DA53}.Release|Any CPU.Build.0 = Release|Any CPU
		{0F74D02C-EC70-409C-B1B0-341573F1DA53}.Release|x64.ActiveCfg = Release|Any CPU
		{0F74D02C-EC70-409C-B1B0-341573F1DA53}.Release|x64.Build.0 = Release|Any CPU
		{0F74D02C-EC70-409C-B1B0-341573F1DA53}.Release|x86.ActiveCfg = Release|Any CPU
		{0F74D02C-EC70-409C-B1B0-341573F1DA53}.Release|x86.Build.0 = Release|Any CPU
	EndGlobalSection
	GlobalSection(SolutionProperties) = preSolution
		HideSolutionNode = FALSE
	EndGlobalSection
EndGlobal
